
Microsoft Visual Studio Solution File, Format Version 12.00
Project("{FAE04EC0-301F-11D3-BF4B-00C04F79EFBC}") = "GenericHandlers", "GenericHandlers\GenericHandlers.csproj", "{9CA98C3C-A14E-49C5-B0E6-52254E0A84F3}"
EndProject
Project("{FAE04EC0-301F-11D3-BF4B-00C04F79EFBC}") = "Common", "Common\Common.csproj", "{3BDB0742-9372-483B-B992-BCC4265EBB15}"
EndProject
Project("{FAE04EC0-301F-11D3-BF4B-00C04F79EFBC}") = "Common.Events", "Common.Events\Common.Events.csproj", "{A4FF26F8-1050-44F7-ABF7-06776F68AE50}"
EndProject
Project("{FAE04EC0-301F-11D3-BF4B-00C04F79EFBC}") = "HttpSender", "HttpSender\HttpSender.csproj", "{AC141566-6AC5-4B5C-8327-E847E5A7F06B}"
EndProject
Project("{FAE04EC0-301F-11D3-BF4B-00C04F79EFBC}") = "Common.Structured", "Common.Structured\Common.Structured.csproj", "{82E183C3-1898-4371-8CCD-20560B7E15FB}"
EndProject
Project("{FAE04EC0-301F-11D3-BF4B-00C04F79EFBC}") = "UnitTests", "UnitTests\UnitTests.csproj", "{DAEADB22-0A5F-4339-ADDA-38C8A9F12603}"
EndProject
Project("{FAE04EC0-301F-11D3-BF4B-00C04F79EFBC}") = "GenericHandlers.Structured", "GenericHandlers.Structured\GenericHandlers.Structured.csproj", "{115BE118-3DDE-43A9-AD04-57C30A2E2F8A}"
EndProject
Project("{FAE04EC0-301F-11D3-BF4B-00C04F79EFBC}") = "Common.Events.Structured", "Common.Events.Structured\Common.Events.Structured.csproj", "{F7A5C4C2-6254-4206-98E6-256D36DFAF2E}"
EndProject
Project("{2150E333-8FDC-42A3-9474-1A3956D46DE8}") = "Generic", "Generic", "{44E695C9-1858-49A7-9484-6B6F628A5A0D}"
EndProject
Project("{2150E333-8FDC-42A3-9474-1A3956D46DE8}") = "Abstract", "Abstract", "{D18D0EA9-FF36-448A-9A54-07C0F5847A52}"
EndProject
Global
	GlobalSection(SolutionConfigurationPlatforms) = preSolution
		Debug|Any CPU = Debug|Any CPU
		Release|Any CPU = Release|Any CPU
	EndGlobalSection
	GlobalSection(ProjectConfigurationPlatforms) = postSolution
		{9CA98C3C-A14E-49C5-B0E6-52254E0A84F3}.Debug|Any CPU.ActiveCfg = Debug|Any CPU
		{9CA98C3C-A14E-49C5-B0E6-52254E0A84F3}.Debug|Any CPU.Build.0 = Debug|Any CPU
		{9CA98C3C-A14E-49C5-B0E6-52254E0A84F3}.Release|Any CPU.ActiveCfg = Release|Any CPU
		{9CA98C3C-A14E-49C5-B0E6-52254E0A84F3}.Release|Any CPU.Build.0 = Release|Any CPU
		{3BDB0742-9372-483B-B992-BCC4265EBB15}.Debug|Any CPU.ActiveCfg = Debug|Any CPU
		{3BDB0742-9372-483B-B992-BCC4265EBB15}.Debug|Any CPU.Build.0 = Debug|Any CPU
		{3BDB0742-9372-483B-B992-BCC4265EBB15}.Release|Any CPU.ActiveCfg = Release|Any CPU
		{3BDB0742-9372-483B-B992-BCC4265EBB15}.Release|Any CPU.Build.0 = Release|Any CPU
		{A4FF26F8-1050-44F7-ABF7-06776F68AE50}.Debug|Any CPU.ActiveCfg = Debug|Any CPU
		{A4FF26F8-1050-44F7-ABF7-06776F68AE50}.Debug|Any CPU.Build.0 = Debug|Any CPU
		{A4FF26F8-1050-44F7-ABF7-06776F68AE50}.Release|Any CPU.ActiveCfg = Release|Any CPU
		{A4FF26F8-1050-44F7-ABF7-06776F68AE50}.Release|Any CPU.Build.0 = Release|Any CPU
		{AC141566-6AC5-4B5C-8327-E847E5A7F06B}.Debug|Any CPU.ActiveCfg = Debug|Any CPU
		{AC141566-6AC5-4B5C-8327-E847E5A7F06B}.Debug|Any CPU.Build.0 = Debug|Any CPU
		{AC141566-6AC5-4B5C-8327-E847E5A7F06B}.Release|Any CPU.ActiveCfg = Release|Any CPU
		{AC141566-6AC5-4B5C-8327-E847E5A7F06B}.Release|Any CPU.Build.0 = Release|Any CPU
		{82E183C3-1898-4371-8CCD-20560B7E15FB}.Debug|Any CPU.ActiveCfg = Debug|Any CPU
		{82E183C3-1898-4371-8CCD-20560B7E15FB}.Debug|Any CPU.Build.0 = Debug|Any CPU
		{82E183C3-1898-4371-8CCD-20560B7E15FB}.Release|Any CPU.ActiveCfg = Release|Any CPU
		{82E183C3-1898-4371-8CCD-20560B7E15FB}.Release|Any CPU.Build.0 = Release|Any CPU
		{DAEADB22-0A5F-4339-ADDA-38C8A9F12603}.Debug|Any CPU.ActiveCfg = Debug|Any CPU
		{DAEADB22-0A5F-4339-ADDA-38C8A9F12603}.Debug|Any CPU.Build.0 = Debug|Any CPU
		{DAEADB22-0A5F-4339-ADDA-38C8A9F12603}.Release|Any CPU.ActiveCfg = Release|Any CPU
		{DAEADB22-0A5F-4339-ADDA-38C8A9F12603}.Release|Any CPU.Build.0 = Release|Any CPU
		{115BE118-3DDE-43A9-AD04-57C30A2E2F8A}.Debug|Any CPU.ActiveCfg = Debug|Any CPU
		{115BE118-3DDE-43A9-AD04-57C30A2E2F8A}.Debug|Any CPU.Build.0 = Debug|Any CPU
		{115BE118-3DDE-43A9-AD04-57C30A2E2F8A}.Release|Any CPU.ActiveCfg = Release|Any CPU
		{115BE118-3DDE-43A9-AD04-57C30A2E2F8A}.Release|Any CPU.Build.0 = Release|Any CPU
		{F7A5C4C2-6254-4206-98E6-256D36DFAF2E}.Debug|Any CPU.ActiveCfg = Debug|Any CPU
		{F7A5C4C2-6254-4206-98E6-256D36DFAF2E}.Debug|Any CPU.Build.0 = Debug|Any CPU
		{F7A5C4C2-6254-4206-98E6-256D36DFAF2E}.Release|Any CPU.ActiveCfg = Release|Any CPU
		{F7A5C4C2-6254-4206-98E6-256D36DFAF2E}.Release|Any CPU.Build.0 = Release|Any CPU
	EndGlobalSection
	GlobalSection(NestedProjects) = preSolution
		{3BDB0742-9372-483B-B992-BCC4265EBB15} = {44E695C9-1858-49A7-9484-6B6F628A5A0D}
		{A4FF26F8-1050-44F7-ABF7-06776F68AE50} = {44E695C9-1858-49A7-9484-6B6F628A5A0D}
		{9CA98C3C-A14E-49C5-B0E6-52254E0A84F3} = {44E695C9-1858-49A7-9484-6B6F628A5A0D}
		{F7A5C4C2-6254-4206-98E6-256D36DFAF2E} = {D18D0EA9-FF36-448A-9A54-07C0F5847A52}
		{82E183C3-1898-4371-8CCD-20560B7E15FB} = {D18D0EA9-FF36-448A-9A54-07C0F5847A52}
		{115BE118-3DDE-43A9-AD04-57C30A2E2F8A} = {D18D0EA9-FF36-448A-9A54-07C0F5847A52}
	EndGlobalSection
EndGlobal
