
Microsoft Visual Studio Solution File, Format Version 12.00
Project("{FAE04EC0-301F-11D3-BF4B-00C04F79EFBC}") = "GenericHandlers", "GenericHandlers\GenericHandlers.csproj", "{9CA98C3C-A14E-49C5-B0E6-52254E0A84F3}"
EndProject
Project("{FAE04EC0-301F-11D3-BF4B-00C04F79EFBC}") = "Common", "Common\Common.csproj", "{3BDB0742-9372-483B-B992-BCC4265EBB15}"
EndProject
Project("{FAE04EC0-301F-11D3-BF4B-00C04F79EFBC}") = "Common.Events", "Common.Events\Common.Events.csproj", "{A4FF26F8-1050-44F7-ABF7-06776F68AE50}"
EndProject
Global
	GlobalSection(SolutionConfigurationPlatforms) = preSolution
		Debug|Any CPU = Debug|Any CPU
		Release|Any CPU = Release|Any CPU
	EndGlobalSection
	GlobalSection(ProjectConfigurationPlatforms) = postSolution
		{9CA98C3C-A14E-49C5-B0E6-52254E0A84F3}.Debug|Any CPU.ActiveCfg = Debug|Any CPU
		{9CA98C3C-A14E-49C5-B0E6-52254E0A84F3}.Debug|Any CPU.Build.0 = Debug|Any CPU
		{9CA98C3C-A14E-49C5-B0E6-52254E0A84F3}.Release|Any CPU.ActiveCfg = Release|Any CPU
		{9CA98C3C-A14E-49C5-B0E6-52254E0A84F3}.Release|Any CPU.Build.0 = Release|Any CPU
		{3BDB0742-9372-483B-B992-BCC4265EBB15}.Debug|Any CPU.ActiveCfg = Debug|Any CPU
		{3BDB0742-9372-483B-B992-BCC4265EBB15}.Debug|Any CPU.Build.0 = Debug|Any CPU
		{3BDB0742-9372-483B-B992-BCC4265EBB15}.Release|Any CPU.ActiveCfg = Release|Any CPU
		{3BDB0742-9372-483B-B992-BCC4265EBB15}.Release|Any CPU.Build.0 = Release|Any CPU
		{A4FF26F8-1050-44F7-ABF7-06776F68AE50}.Debug|Any CPU.ActiveCfg = Debug|Any CPU
		{A4FF26F8-1050-44F7-ABF7-06776F68AE50}.Debug|Any CPU.Build.0 = Debug|Any CPU
		{A4FF26F8-1050-44F7-ABF7-06776F68AE50}.Release|Any CPU.ActiveCfg = Release|Any CPU
		{A4FF26F8-1050-44F7-ABF7-06776F68AE50}.Release|Any CPU.Build.0 = Release|Any CPU
	EndGlobalSection
EndGlobal
